
Microsoft Visual Studio Solution File, Format Version 12.00
# Visual Studio 15
VisualStudioVersion = 15.0.27703.2000
MinimumVisualStudioVersion = 10.0.40219.1
Project("{9A19103F-16F7-4668-BE54-9A1E7A4F7556}") = "RazorPagesMovie", "WebApplication1\RazorPagesMovie.csproj", "{CCB029D8-C11F-4B79-A5FB-D0556E75679A}"
EndProject
Global
	GlobalSection(SolutionConfigurationPlatforms) = preSolution
		Debug|Any CPU = Debug|Any CPU
		Release|Any CPU = Release|Any CPU
	EndGlobalSection
	GlobalSection(ProjectConfigurationPlatforms) = postSolution
		{CCB029D8-C11F-4B79-A5FB-D0556E75679A}.Debug|Any CPU.ActiveCfg = Debug|Any CPU
		{CCB029D8-C11F-4B79-A5FB-D0556E75679A}.Debug|Any CPU.Build.0 = Debug|Any CPU
		{CCB029D8-C11F-4B79-A5FB-D0556E75679A}.Release|Any CPU.ActiveCfg = Release|Any CPU
		{CCB029D8-C11F-4B79-A5FB-D0556E75679A}.Release|Any CPU.Build.0 = Release|Any CPU
	EndGlobalSection
	GlobalSection(SolutionProperties) = preSolution
		HideSolutionNode = FALSE
	EndGlobalSection
	GlobalSection(ExtensibilityGlobals) = postSolution
		SolutionGuid = {4AB55D92-A071-41CB-A086-12394EED40AC}
	EndGlobalSection
EndGlobal
